// !$*UTF8*$!
{
	archiveVersion = 1;
	classes = {
	};
	objectVersion = 50;
	objects = {

/* Begin PBXBuildFile section */
		FD802DA72423D94900D86EB4 /* Icon@2x.png in Resources */ = {isa = PBXBuildFile; fileRef = FD802DA42423D94900D86EB4 /* Icon@2x.png */; };
		FD802DA82423D94900D86EB4 /* Icon-72.png in Resources */ = {isa = PBXBuildFile; fileRef = FD802DA52423D94900D86EB4 /* Icon-72.png */; };
		FD802DA92423D94900D86EB4 /* Icon.png in Resources */ = {isa = PBXBuildFile; fileRef = FD802DA62423D94900D86EB4 /* Icon.png */; };
		FDC5774D241911E300E8618A /* AppDelegate.swift in Sources */ = {isa = PBXBuildFile; fileRef = FDC5774C241911E300E8618A /* AppDelegate.swift */; };
		FDC5774F241911E300E8618A /* SceneDelegate.swift in Sources */ = {isa = PBXBuildFile; fileRef = FDC5774E241911E300E8618A /* SceneDelegate.swift */; };
		FDC57751241911E300E8618A /* ViewController.swift in Sources */ = {isa = PBXBuildFile; fileRef = FDC57750241911E300E8618A /* ViewController.swift */; };
		FDC57754241911E300E8618A /* Main.storyboard in Resources */ = {isa = PBXBuildFile; fileRef = FDC57752241911E300E8618A /* Main.storyboard */; };
		FDC57756241911E400E8618A /* Assets.xcassets in Resources */ = {isa = PBXBuildFile; fileRef = FDC57755241911E400E8618A /* Assets.xcassets */; };
		FDC57759241911E400E8618A /* LaunchScreen.storyboard in Resources */ = {isa = PBXBuildFile; fileRef = FDC57757241911E400E8618A /* LaunchScreen.storyboard */; };
		FDC577612419133C00E8618A /* SlidersViewController.swift in Sources */ = {isa = PBXBuildFile; fileRef = FDC577602419133C00E8618A /* SlidersViewController.swift */; };
/* End PBXBuildFile section */

/* Begin PBXFileReference section */
		FD802DA42423D94900D86EB4 /* Icon@2x.png */ = {isa = PBXFileReference; lastKnownFileType = image.png; path = "Icon@2x.png"; sourceTree = "<group>"; };
		FD802DA52423D94900D86EB4 /* Icon-72.png */ = {isa = PBXFileReference; lastKnownFileType = image.png; path = "Icon-72.png"; sourceTree = "<group>"; };
		FD802DA62423D94900D86EB4 /* Icon.png */ = {isa = PBXFileReference; lastKnownFileType = image.png; path = Icon.png; sourceTree = "<group>"; };
		FDC57749241911E300E8618A /* Color Sliders.app */ = {isa = PBXFileReference; explicitFileType = wrapper.application; includeInIndex = 0; path = "Color Sliders.app"; sourceTree = BUILT_PRODUCTS_DIR; };
		FDC5774C241911E300E8618A /* AppDelegate.swift */ = {isa = PBXFileReference; lastKnownFileType = sourcecode.swift; path = AppDelegate.swift; sourceTree = "<group>"; };
		FDC5774E241911E300E8618A /* SceneDelegate.swift */ = {isa = PBXFileReference; lastKnownFileType = sourcecode.swift; path = SceneDelegate.swift; sourceTree = "<group>"; };
		FDC57750241911E300E8618A /* ViewController.swift */ = {isa = PBXFileReference; lastKnownFileType = sourcecode.swift; path = ViewController.swift; sourceTree = "<group>"; };
		FDC57753241911E300E8618A /* Base */ = {isa = PBXFileReference; lastKnownFileType = file.storyboard; name = Base; path = Base.lproj/Main.storyboard; sourceTree = "<group>"; };
		FDC57755241911E400E8618A /* Assets.xcassets */ = {isa = PBXFileReference; lastKnownFileType = folder.assetcatalog; path = Assets.xcassets; sourceTree = "<group>"; };
		FDC57758241911E400E8618A /* Base */ = {isa = PBXFileReference; lastKnownFileType = file.storyboard; name = Base; path = Base.lproj/LaunchScreen.storyboard; sourceTree = "<group>"; };
		FDC5775A241911E400E8618A /* Info.plist */ = {isa = PBXFileReference; lastKnownFileType = text.plist.xml; path = Info.plist; sourceTree = "<group>"; };
		FDC577602419133C00E8618A /* SlidersViewController.swift */ = {isa = PBXFileReference; lastKnownFileType = sourcecode.swift; path = SlidersViewController.swift; sourceTree = "<group>"; };
/* End PBXFileReference section */

/* Begin PBXFrameworksBuildPhase section */
		FDC57746241911E300E8618A /* Frameworks */ = {
			isa = PBXFrameworksBuildPhase;
			buildActionMask = 2147483647;
			files = (
			);
			runOnlyForDeploymentPostprocessing = 0;
		};
/* End PBXFrameworksBuildPhase section */

/* Begin PBXGroup section */
		FDC57740241911E300E8618A = {
			isa = PBXGroup;
			children = (
				FDC5774B241911E300E8618A /* Color Sliders */,
				FDC5774A241911E300E8618A /* Products */,
			);
			sourceTree = "<group>";
		};
		FDC5774A241911E300E8618A /* Products */ = {
			isa = PBXGroup;
			children = (
				FDC57749241911E300E8618A /* Color Sliders.app */,
			);
			name = Products;
			sourceTree = "<group>";
		};
		FDC5774B241911E300E8618A /* Color Sliders */ = {
			isa = PBXGroup;
			children = (
				FD802DA52423D94900D86EB4 /* Icon-72.png */,
				FD802DA62423D94900D86EB4 /* Icon.png */,
				FD802DA42423D94900D86EB4 /* Icon@2x.png */,
				FDC5774C241911E300E8618A /* AppDelegate.swift */,
				FDC5774E241911E300E8618A /* SceneDelegate.swift */,
				FDC57750241911E300E8618A /* ViewController.swift */,
				FDC57752241911E300E8618A /* Main.storyboard */,
				FDC57755241911E400E8618A /* Assets.xcassets */,
				FDC57757241911E400E8618A /* LaunchScreen.storyboard */,
				FDC5775A241911E400E8618A /* Info.plist */,
				FDC577602419133C00E8618A /* SlidersViewController.swift */,
			);
			path = "Color Sliders";
			sourceTree = "<group>";
		};
/* End PBXGroup section */

/* Begin PBXNativeTarget section */
		FDC57748241911E300E8618A /* Color Sliders */ = {
			isa = PBXNativeTarget;
			buildConfigurationList = FDC5775D241911E400E8618A /* Build configuration list for PBXNativeTarget "Color Sliders" */;
			buildPhases = (
				FDC57745241911E300E8618A /* Sources */,
				FDC57746241911E300E8618A /* Frameworks */,
				FDC57747241911E300E8618A /* Resources */,
			);
			buildRules = (
			);
			dependencies = (
			);
			name = "Color Sliders";
			productName = "Color Sliders";
			productReference = FDC57749241911E300E8618A /* Color Sliders.app */;
			productType = "com.apple.product-type.application";
		};
/* End PBXNativeTarget section */

/* Begin PBXProject section */
		FDC57741241911E300E8618A /* Project object */ = {
			isa = PBXProject;
			attributes = {
				LastSwiftUpdateCheck = 1130;
				LastUpgradeCheck = 1130;
				ORGANIZATIONNAME = "David Fisher";
				TargetAttributes = {
					FDC57748241911E300E8618A = {
						CreatedOnToolsVersion = 11.3.1;
					};
				};
			};
			buildConfigurationList = FDC57744241911E300E8618A /* Build configuration list for PBXProject "Color Sliders" */;
			compatibilityVersion = "Xcode 9.3";
			developmentRegion = en;
			hasScannedForEncodings = 0;
			knownRegions = (
				en,
				Base,
			);
			mainGroup = FDC57740241911E300E8618A;
			productRefGroup = FDC5774A241911E300E8618A /* Products */;
			projectDirPath = "";
			projectRoot = "";
			targets = (
				FDC57748241911E300E8618A /* Color Sliders */,
			);
		};
/* End PBXProject section */

/* Begin PBXResourcesBuildPhase section */
		FDC57747241911E300E8618A /* Resources */ = {
			isa = PBXResourcesBuildPhase;
			buildActionMask = 2147483647;
			files = (
				FD802DA92423D94900D86EB4 /* Icon.png in Resources */,
				FDC57759241911E400E8618A /* LaunchScreen.storyboard in Resources */,
				FD802DA82423D94900D86EB4 /* Icon-72.png in Resources */,
				FD802DA72423D94900D86EB4 /* Icon@2x.png in Resources */,
				FDC57756241911E400E8618A /* Assets.xcassets in Resources */,
				FDC57754241911E300E8618A /* Main.storyboard in Resources */,
			);
			runOnlyForDeploymentPostprocessing = 0;
		};
/* End PBXResourcesBuildPhase section */

/* Begin PBXSourcesBuildPhase section */
		FDC57745241911E300E8618A /* Sources */ = {
			isa = PBXSourcesBuildPhase;
			buildActionMask = 2147483647;
			files = (
				FDC57751241911E300E8618A /* ViewController.swift in Sources */,
				FDC5774D241911E300E8618A /* AppDelegate.swift in Sources */,
				FDC5774F241911E300E8618A /* SceneDelegate.swift in Sources */,
				FDC577612419133C00E8618A /* SlidersViewController.swift in Sources */,
			);
			runOnlyForDeploymentPostprocessing = 0;
		};
/* End PBXSourcesBuildPhase section */

/* Begin PBXVariantGroup section */
		FDC57752241911E300E8618A /* Main.storyboard */ = {
			isa = PBXVariantGroup;
			children = (
				FDC57753241911E300E8618A /* Base */,
			);
			name = Main.storyboard;
			sourceTree = "<group>";
		};
		FDC57757241911E400E8618A /* LaunchScreen.storyboard */ = {
			isa = PBXVariantGroup;
			children = (
				FDC57758241911E400E8618A /* Base */,
			);
			name = LaunchScreen.storyboard;
			sourceTree = "<group>";
		};
/* End PBXVariantGroup section */

/* Begin XCBuildConfiguration section */
		FDC5775B241911E400E8618A /* Debug */ = {
			isa = XCBuildConfiguration;
			buildSettings = {
				ALWAYS_SEARCH_USER_PATHS = NO;
				CLANG_ANALYZER_NONNULL = YES;
				CLANG_ANALYZER_NUMBER_OBJECT_CONVERSION = YES_AGGRESSIVE;
				CLANG_CXX_LANGUAGE_STANDARD = "gnu++14";
				CLANG_CXX_LIBRARY = "libc++";
				CLANG_ENABLE_MODULES = YES;
				CLANG_ENABLE_OBJC_ARC = YES;
				CLANG_ENABLE_OBJC_WEAK = YES;
				CLANG_WARN_BLOCK_CAPTURE_AUTORELEASING = YES;
				CLANG_WARN_BOOL_CONVERSION = YES;
				CLANG_WARN_COMMA = YES;
				CLANG_WARN_CONSTANT_CONVERSION = YES;
				CLANG_WARN_DEPRECATED_OBJC_IMPLEMENTATIONS = YES;
				CLANG_WARN_DIRECT_OBJC_ISA_USAGE = YES_ERROR;
				CLANG_WARN_DOCUMENTATION_COMMENTS = YES;
				CLANG_WARN_EMPTY_BODY = YES;
				CLANG_WARN_ENUM_CONVERSION = YES;
				CLANG_WARN_INFINITE_RECURSION = YES;
				CLANG_WARN_INT_CONVERSION = YES;
				CLANG_WARN_NON_LITERAL_NULL_CONVERSION = YES;
				CLANG_WARN_OBJC_IMPLICIT_RETAIN_SELF = YES;
				CLANG_WARN_OBJC_LITERAL_CONVERSION = YES;
				CLANG_WARN_OBJC_ROOT_CLASS = YES_ERROR;
				CLANG_WARN_RANGE_LOOP_ANALYSIS = YES;
				CLANG_WARN_STRICT_PROTOTYPES = YES;
				CLANG_WARN_SUSPICIOUS_MOVE = YES;
				CLANG_WARN_UNGUARDED_AVAILABILITY = YES_AGGRESSIVE;
				CLANG_WARN_UNREACHABLE_CODE = YES;
				CLANG_WARN__DUPLICATE_METHOD_MATCH = YES;
				COPY_PHASE_STRIP = NO;
				DEBUG_INFORMATION_FORMAT = dwarf;
				ENABLE_STRICT_OBJC_MSGSEND = YES;
				ENABLE_TESTABILITY = YES;
				GCC_C_LANGUAGE_STANDARD = gnu11;
				GCC_DYNAMIC_NO_PIC = NO;
				GCC_NO_COMMON_BLOCKS = YES;
				GCC_OPTIMIZATION_LEVEL = 0;
				GCC_PREPROCESSOR_DEFINITIONS = (
					"DEBUG=1",
					"$(inherited)",
				);
				GCC_WARN_64_TO_32_BIT_CONVERSION = YES;
				GCC_WARN_ABOUT_RETURN_TYPE = YES_ERROR;
				GCC_WARN_UNDECLARED_SELECTOR = YES;
				GCC_WARN_UNINITIALIZED_AUTOS = YES_AGGRESSIVE;
				GCC_WARN_UNUSED_FUNCTION = YES;
				GCC_WARN_UNUSED_VARIABLE = YES;
				IPHONEOS_DEPLOYMENT_TARGET = 13.2;
				MTL_ENABLE_DEBUG_INFO = INCLUDE_SOURCE;
				MTL_FAST_MATH = YES;
				ONLY_ACTIVE_ARCH = YES;
				SDKROOT = iphoneos;
				SWIFT_ACTIVE_COMPILATION_CONDITIONS = DEBUG;
				SWIFT_OPTIMIZATION_LEVEL = "-Onone";
			};
			name = Debug;
		};
		FDC5775C241911E400E8618A /* Release */ = {
			isa = XCBuildConfiguration;
			buildSettings = {
				ALWAYS_SEARCH_USER_PATHS = NO;
				CLANG_ANALYZER_NONNULL = YES;
				CLANG_ANALYZER_NUMBER_OBJECT_CONVERSION = YES_AGGRESSIVE;
				CLANG_CXX_LANGUAGE_STANDARD = "gnu++14";
				CLANG_CXX_LIBRARY = "libc++";
				CLANG_ENABLE_MODULES = YES;
				CLANG_ENABLE_OBJC_ARC = YES;
				CLANG_ENABLE_OBJC_WEAK = YES;
				CLANG_WARN_BLOCK_CAPTURE_AUTORELEASING = YES;
				CLANG_WARN_BOOL_CONVERSION = YES;
				CLANG_WARN_COMMA = YES;
				CLANG_WARN_CONSTANT_CONVERSION = YES;
				CLANG_WARN_DEPRECATED_OBJC_IMPLEMENTATIONS = YES;
				CLANG_WARN_DIRECT_OBJC_ISA_USAGE = YES_ERROR;
				CLANG_WARN_DOCUMENTATION_COMMENTS = YES;
				CLANG_WARN_EMPTY_BODY = YES;
				CLANG_WARN_ENUM_CONVERSION = YES;
				CLANG_WARN_INFINITE_RECURSION = YES;
				CLANG_WARN_INT_CONVERSION = YES;
				CLANG_WARN_NON_LITERAL_NULL_CONVERSION = YES;
				CLANG_WARN_OBJC_IMPLICIT_RETAIN_SELF = YES;
				CLANG_WARN_OBJC_LITERAL_CONVERSION = YES;
				CLANG_WARN_OBJC_ROOT_CLASS = YES_ERROR;
				CLANG_WARN_RANGE_LOOP_ANALYSIS = YES;
				CLANG_WARN_STRICT_PROTOTYPES = YES;
				CLANG_WARN_SUSPICIOUS_MOVE = YES;
				CLANG_WARN_UNGUARDED_AVAILABILITY = YES_AGGRESSIVE;
				CLANG_WARN_UNREACHABLE_CODE = YES;
				CLANG_WARN__DUPLICATE_METHOD_MATCH = YES;
				COPY_PHASE_STRIP = NO;
				DEBUG_INFORMATION_FORMAT = "dwarf-with-dsym";
				ENABLE_NS_ASSERTIONS = NO;
				ENABLE_STRICT_OBJC_MSGSEND = YES;
				GCC_C_LANGUAGE_STANDARD = gnu11;
				GCC_NO_COMMON_BLOCKS = YES;
				GCC_WARN_64_TO_32_BIT_CONVERSION = YES;
				GCC_WARN_ABOUT_RETURN_TYPE = YES_ERROR;
				GCC_WARN_UNDECLARED_SELECTOR = YES;
				GCC_WARN_UNINITIALIZED_AUTOS = YES_AGGRESSIVE;
				GCC_WARN_UNUSED_FUNCTION = YES;
				GCC_WARN_UNUSED_VARIABLE = YES;
				IPHONEOS_DEPLOYMENT_TARGET = 13.2;
				MTL_ENABLE_DEBUG_INFO = NO;
				MTL_FAST_MATH = YES;
				SDKROOT = iphoneos;
				SWIFT_COMPILATION_MODE = wholemodule;
				SWIFT_OPTIMIZATION_LEVEL = "-O";
				VALIDATE_PRODUCT = YES;
			};
			name = Release;
		};
		FDC5775E241911E400E8618A /* Debug */ = {
			isa = XCBuildConfiguration;
			buildSettings = {
				ASSETCATALOG_COMPILER_APPICON_NAME = AppIcon;
				CODE_SIGN_STYLE = Automatic;
				DEVELOPMENT_TEAM = TGL44JG796;
				INFOPLIST_FILE = "Color Sliders/Info.plist";
				LD_RUNPATH_SEARCH_PATHS = (
					"$(inherited)",
					"@executable_path/Frameworks",
				);
				PRODUCT_BUNDLE_IDENTIFIER = "edu.rose-hulman.fisherds.Color-Sliders";
				PRODUCT_NAME = "$(TARGET_NAME)";
				SWIFT_VERSION = 5.0;
				TARGETED_DEVICE_FAMILY = "1,2";
			};
			name = Debug;
		};
		FDC5775F241911E400E8618A /* Release */ = {
			isa = XCBuildConfiguration;
			buildSettings = {
				ASSETCATALOG_COMPILER_APPICON_NAME = AppIcon;
				CODE_SIGN_STYLE = Automatic;
				DEVELOPMENT_TEAM = TGL44JG796;
				INFOPLIST_FILE = "Color Sliders/Info.plist";
				LD_RUNPATH_SEARCH_PATHS = (
					"$(inherited)",
					"@executable_path/Frameworks",
				);
				PRODUCT_BUNDLE_IDENTIFIER = "edu.rose-hulman.fisherds.Color-Sliders";
				PRODUCT_NAME = "$(TARGET_NAME)";
				SWIFT_VERSION = 5.0;
				TARGETED_DEVICE_FAMILY = "1,2";
			};
			name = Release;
		};
/* End XCBuildConfiguration section */

/* Begin XCConfigurationList section */
		FDC57744241911E300E8618A /* Build configuration list for PBXProject "Color Sliders" */ = {
			isa = XCConfigurationList;
			buildConfigurations = (
				FDC5775B241911E400E8618A /* Debug */,
				FDC5775C241911E400E8618A /* Release */,
			);
			defaultConfigurationIsVisible = 0;
			defaultConfigurationName = Release;
		};
		FDC5775D241911E400E8618A /* Build configuration list for PBXNativeTarget "Color Sliders" */ = {
			isa = XCConfigurationList;
			buildConfigurations = (
				FDC5775E241911E400E8618A /* Debug */,
				FDC5775F241911E400E8618A /* Release */,
			);
			defaultConfigurationIsVisible = 0;
			defaultConfigurationName = Release;
		};
/* End XCConfigurationList section */
	};
	rootObject = FDC57741241911E300E8618A /* Project object */;
}
